
Microsoft Visual Studio Solution File, Format Version 12.00
# Visual Studio Version 17
VisualStudioVersion = 17.7.34221.43
MinimumVisualStudioVersion = 10.0.40219.1
Project("{9A19103F-16F7-4668-BE54-9A1E7A4F7556}") = "ProcessingVariousTextFormats", "ProcessingVariousTextFormats\ProcessingVariousTextFormats.csproj", "{21F38A48-C62D-4CB9-9B67-7716FE8CF0C9}"
EndProject
Project("{FAE04EC0-301F-11D3-BF4B-00C04F79EFBC}") = "unit-tests", "unit-tests\unit-tests.csproj", "{9EEB590F-BA4E-4906-B43C-4BBF0B0BBBC2}"
EndProject
Global
	GlobalSection(SolutionConfigurationPlatforms) = preSolution
		Debug|Any CPU = Debug|Any CPU
		Release|Any CPU = Release|Any CPU
	EndGlobalSection
	GlobalSection(ProjectConfigurationPlatforms) = postSolution
		{21F38A48-C62D-4CB9-9B67-7716FE8CF0C9}.Debug|Any CPU.ActiveCfg = Debug|Any CPU
		{21F38A48-C62D-4CB9-9B67-7716FE8CF0C9}.Debug|Any CPU.Build.0 = Debug|Any CPU
		{21F38A48-C62D-4CB9-9B67-7716FE8CF0C9}.Release|Any CPU.ActiveCfg = Release|Any CPU
		{21F38A48-C62D-4CB9-9B67-7716FE8CF0C9}.Release|Any CPU.Build.0 = Release|Any CPU
		{9EEB590F-BA4E-4906-B43C-4BBF0B0BBBC2}.Debug|Any CPU.ActiveCfg = Debug|Any CPU
		{9EEB590F-BA4E-4906-B43C-4BBF0B0BBBC2}.Debug|Any CPU.Build.0 = Debug|Any CPU
		{9EEB590F-BA4E-4906-B43C-4BBF0B0BBBC2}.Release|Any CPU.ActiveCfg = Release|Any CPU
		{9EEB590F-BA4E-4906-B43C-4BBF0B0BBBC2}.Release|Any CPU.Build.0 = Release|Any CPU
	EndGlobalSection
	GlobalSection(SolutionProperties) = preSolution
		HideSolutionNode = FALSE
	EndGlobalSection
	GlobalSection(ExtensibilityGlobals) = postSolution
		SolutionGuid = {E839FB65-7E95-44F8-8E7C-069284665FDF}
	EndGlobalSection
EndGlobal
